
Microsoft Visual Studio Solution File, Format Version 12.00
# Visual Studio 15
VisualStudioVersion = 15.0.28307.271
MinimumVisualStudioVersion = 10.0.40219.1
Project("{FAE04EC0-301F-11D3-BF4B-00C04F79EFBC}") = "Hello_2", "Hello_2\Hello_2.csproj", "{E321D0C1-DE0A-4DEB-923C-778AE4D2A6D4}"
EndProject
Global
	GlobalSection(SolutionConfigurationPlatforms) = preSolution
		Debug|Any CPU = Debug|Any CPU
		Release|Any CPU = Release|Any CPU
	EndGlobalSection
	GlobalSection(ProjectConfigurationPlatforms) = postSolution
		{E321D0C1-DE0A-4DEB-923C-778AE4D2A6D4}.Debug|Any CPU.ActiveCfg = Debug|Any CPU
		{E321D0C1-DE0A-4DEB-923C-778AE4D2A6D4}.Debug|Any CPU.Build.0 = Debug|Any CPU
		{E321D0C1-DE0A-4DEB-923C-778AE4D2A6D4}.Release|Any CPU.ActiveCfg = Release|Any CPU
		{E321D0C1-DE0A-4DEB-923C-778AE4D2A6D4}.Release|Any CPU.Build.0 = Release|Any CPU
	EndGlobalSection
	GlobalSection(SolutionProperties) = preSolution
		HideSolutionNode = FALSE
	EndGlobalSection
	GlobalSection(ExtensibilityGlobals) = postSolution
		SolutionGuid = {C51903EE-6AAB-4199-9A26-5CBB9549A303}
	EndGlobalSection
EndGlobal
